
Microsoft Visual Studio Solution File, Format Version 12.00
# Visual Studio Version 17
VisualStudioVersion = 17.14.36518.9
MinimumVisualStudioVersion = 10.0.40219.1
Project("{FAE04EC0-301F-11D3-BF4B-00C04F79EFBC}") = "ApiProjeKampi_WebAPI", "ApiProjeKampi_WebAPI\ApiProjeKampi_WebAPI.csproj", "{B91C3BAB-5C81-4479-8CD8-3BAA7CE872BB}"
EndProject
Project("{FAE04EC0-301F-11D3-BF4B-00C04F79EFBC}") = "ApiProjeKampi_WebUI", "ApiProjeKampi_WebUI\ApiProjeKampi_WebUI.csproj", "{C16AE960-945D-44C4-AAB8-C819A23AA966}"
	ProjectSection(ProjectDependencies) = postProject
		{B91C3BAB-5C81-4479-8CD8-3BAA7CE872BB} = {B91C3BAB-5C81-4479-8CD8-3BAA7CE872BB}
	EndProjectSection
EndProject
Global
	GlobalSection(SolutionConfigurationPlatforms) = preSolution
		Debug|Any CPU = Debug|Any CPU
		Release|Any CPU = Release|Any CPU
	EndGlobalSection
	GlobalSection(ProjectConfigurationPlatforms) = postSolution
		{B91C3BAB-5C81-4479-8CD8-3BAA7CE872BB}.Debug|Any CPU.ActiveCfg = Debug|Any CPU
		{B91C3BAB-5C81-4479-8CD8-3BAA7CE872BB}.Debug|Any CPU.Build.0 = Debug|Any CPU
		{B91C3BAB-5C81-4479-8CD8-3BAA7CE872BB}.Release|Any CPU.ActiveCfg = Release|Any CPU
		{B91C3BAB-5C81-4479-8CD8-3BAA7CE872BB}.Release|Any CPU.Build.0 = Release|Any CPU
		{C16AE960-945D-44C4-AAB8-C819A23AA966}.Debug|Any CPU.ActiveCfg = Debug|Any CPU
		{C16AE960-945D-44C4-AAB8-C819A23AA966}.Debug|Any CPU.Build.0 = Debug|Any CPU
		{C16AE960-945D-44C4-AAB8-C819A23AA966}.Release|Any CPU.ActiveCfg = Release|Any CPU
		{C16AE960-945D-44C4-AAB8-C819A23AA966}.Release|Any CPU.Build.0 = Release|Any CPU
	EndGlobalSection
	GlobalSection(SolutionProperties) = preSolution
		HideSolutionNode = FALSE
	EndGlobalSection
	GlobalSection(ExtensibilityGlobals) = postSolution
		SolutionGuid = {97CBB65B-638E-4A72-9624-B8E7B38403B5}
	EndGlobalSection
EndGlobal
